
Microsoft Visual Studio Solution File, Format Version 12.00
# Visual Studio 15
VisualStudioVersion = 15.0.27703.2035
MinimumVisualStudioVersion = 10.0.40219.1
Project("{9A19103F-16F7-4668-BE54-9A1E7A4F7556}") = "Concurrency.Interface", "Concurrency.Interface\Concurrency.Interface.csproj", "{07953DC2-B94E-4AD5-8455-4556B56993FB}"
EndProject
Project("{9A19103F-16F7-4668-BE54-9A1E7A4F7556}") = "Concurrency.Implementation", "Concurrency.Implementation\Concurrency.Implementation.csproj", "{CDF720FD-C893-4799-A03D-A4EE2CFB81A4}"
EndProject
Project("{9A19103F-16F7-4668-BE54-9A1E7A4F7556}") = "Utilities", "Utilities\Utilities.csproj", "{5E31DAD0-3493-4D6A-81B1-A0A03483305C}"
EndProject
Project("{9A19103F-16F7-4668-BE54-9A1E7A4F7556}") = "SiloHost", "SiloHost\SiloHost.csproj", "{29D51B58-BC0A-4083-8CF5-351DC46A90EA}"
EndProject
Project("{9A19103F-16F7-4668-BE54-9A1E7A4F7556}") = "OrleansClient", "OrleansClient\OrleansClient.csproj", "{4CC07668-04C1-4135-85C0-7EDDDF00B3C2}"
EndProject
Project("{9A19103F-16F7-4668-BE54-9A1E7A4F7556}") = "AccountTransfer.Interfaces", "AccountTransfer.Interfaces\AccountTransfer.Interfaces.csproj", "{756B8FDE-D69A-4391-91AE-2772344035F2}"
EndProject
Project("{9A19103F-16F7-4668-BE54-9A1E7A4F7556}") = "AccountTransfer.Grains", "AccountTransfer.Grains\AccountTransfer.Grains.csproj", "{04F68EEF-BE51-4D4C-A3F9-6D4300AC0153}"
EndProject
Project("{9A19103F-16F7-4668-BE54-9A1E7A4F7556}") = "TPCC.Interfaces", "TPCC.Interfaces\TPCC.Interfaces.csproj", "{DD5957B3-DBB6-43B7-9D61-CADCEB4FD094}"
EndProject
Project("{9A19103F-16F7-4668-BE54-9A1E7A4F7556}") = "TPCC.Grains", "TPCC.Grains\TPCC.Grains.csproj", "{4FF2DBAD-6461-46E1-A1F1-93EACAB979C3}"
	ProjectSection(ProjectDependencies) = postProject
		{5E31DAD0-3493-4D6A-81B1-A0A03483305C} = {5E31DAD0-3493-4D6A-81B1-A0A03483305C}
	EndProjectSection
EndProject
Project("{FAE04EC0-301F-11D3-BF4B-00C04F79EFBC}") = "Test", "Test\Test.csproj", "{ED94C5C1-B3E7-4166-B61E-47A9F5B5AD92}"
	ProjectSection(ProjectDependencies) = postProject
		{4FF2DBAD-6461-46E1-A1F1-93EACAB979C3} = {4FF2DBAD-6461-46E1-A1F1-93EACAB979C3}
		{DD5957B3-DBB6-43B7-9D61-CADCEB4FD094} = {DD5957B3-DBB6-43B7-9D61-CADCEB4FD094}
		{07953DC2-B94E-4AD5-8455-4556B56993FB} = {07953DC2-B94E-4AD5-8455-4556B56993FB}
		{756B8FDE-D69A-4391-91AE-2772344035F2} = {756B8FDE-D69A-4391-91AE-2772344035F2}
		{04F68EEF-BE51-4D4C-A3F9-6D4300AC0153} = {04F68EEF-BE51-4D4C-A3F9-6D4300AC0153}
		{CDF720FD-C893-4799-A03D-A4EE2CFB81A4} = {CDF720FD-C893-4799-A03D-A4EE2CFB81A4}
	EndProjectSection
EndProject
Project("{FAE04EC0-301F-11D3-BF4B-00C04F79EFBC}") = "ExperimentConductor", "ExperimentConductor\ExperimentConductor.csproj", "{010025A7-EF4E-4B8D-8ECA-5A222A91D020}"
	ProjectSection(ProjectDependencies) = postProject
		{5E31DAD0-3493-4D6A-81B1-A0A03483305C} = {5E31DAD0-3493-4D6A-81B1-A0A03483305C}
	EndProjectSection
EndProject
Project("{FAE04EC0-301F-11D3-BF4B-00C04F79EFBC}") = "ExperimentProcess", "ExperimentProcess\ExperimentProcess.csproj", "{74284150-8852-4B37-973D-22D8AE2FA281}"
	ProjectSection(ProjectDependencies) = postProject
		{4FF2DBAD-6461-46E1-A1F1-93EACAB979C3} = {4FF2DBAD-6461-46E1-A1F1-93EACAB979C3}
		{DD5957B3-DBB6-43B7-9D61-CADCEB4FD094} = {DD5957B3-DBB6-43B7-9D61-CADCEB4FD094}
		{07953DC2-B94E-4AD5-8455-4556B56993FB} = {07953DC2-B94E-4AD5-8455-4556B56993FB}
		{756B8FDE-D69A-4391-91AE-2772344035F2} = {756B8FDE-D69A-4391-91AE-2772344035F2}
		{04F68EEF-BE51-4D4C-A3F9-6D4300AC0153} = {04F68EEF-BE51-4D4C-A3F9-6D4300AC0153}
		{CDF720FD-C893-4799-A03D-A4EE2CFB81A4} = {CDF720FD-C893-4799-A03D-A4EE2CFB81A4}
	EndProjectSection
EndProject
Global
	GlobalSection(SolutionConfigurationPlatforms) = preSolution
		Debug|Any CPU = Debug|Any CPU
		Release|Any CPU = Release|Any CPU
	EndGlobalSection
	GlobalSection(ProjectConfigurationPlatforms) = postSolution
		{07953DC2-B94E-4AD5-8455-4556B56993FB}.Debug|Any CPU.ActiveCfg = Debug|Any CPU
		{07953DC2-B94E-4AD5-8455-4556B56993FB}.Debug|Any CPU.Build.0 = Debug|Any CPU
		{07953DC2-B94E-4AD5-8455-4556B56993FB}.Release|Any CPU.ActiveCfg = Release|Any CPU
		{07953DC2-B94E-4AD5-8455-4556B56993FB}.Release|Any CPU.Build.0 = Release|Any CPU
		{CDF720FD-C893-4799-A03D-A4EE2CFB81A4}.Debug|Any CPU.ActiveCfg = Debug|Any CPU
		{CDF720FD-C893-4799-A03D-A4EE2CFB81A4}.Debug|Any CPU.Build.0 = Debug|Any CPU
		{CDF720FD-C893-4799-A03D-A4EE2CFB81A4}.Release|Any CPU.ActiveCfg = Release|Any CPU
		{CDF720FD-C893-4799-A03D-A4EE2CFB81A4}.Release|Any CPU.Build.0 = Release|Any CPU
		{5E31DAD0-3493-4D6A-81B1-A0A03483305C}.Debug|Any CPU.ActiveCfg = Debug|Any CPU
		{5E31DAD0-3493-4D6A-81B1-A0A03483305C}.Debug|Any CPU.Build.0 = Debug|Any CPU
		{5E31DAD0-3493-4D6A-81B1-A0A03483305C}.Release|Any CPU.ActiveCfg = Release|Any CPU
		{5E31DAD0-3493-4D6A-81B1-A0A03483305C}.Release|Any CPU.Build.0 = Release|Any CPU
		{29D51B58-BC0A-4083-8CF5-351DC46A90EA}.Debug|Any CPU.ActiveCfg = Debug|Any CPU
		{29D51B58-BC0A-4083-8CF5-351DC46A90EA}.Debug|Any CPU.Build.0 = Debug|Any CPU
		{29D51B58-BC0A-4083-8CF5-351DC46A90EA}.Release|Any CPU.ActiveCfg = Release|Any CPU
		{29D51B58-BC0A-4083-8CF5-351DC46A90EA}.Release|Any CPU.Build.0 = Release|Any CPU
		{4CC07668-04C1-4135-85C0-7EDDDF00B3C2}.Debug|Any CPU.ActiveCfg = Debug|Any CPU
		{4CC07668-04C1-4135-85C0-7EDDDF00B3C2}.Debug|Any CPU.Build.0 = Debug|Any CPU
		{4CC07668-04C1-4135-85C0-7EDDDF00B3C2}.Release|Any CPU.ActiveCfg = Release|Any CPU
		{4CC07668-04C1-4135-85C0-7EDDDF00B3C2}.Release|Any CPU.Build.0 = Release|Any CPU
		{756B8FDE-D69A-4391-91AE-2772344035F2}.Debug|Any CPU.ActiveCfg = Debug|Any CPU
		{756B8FDE-D69A-4391-91AE-2772344035F2}.Debug|Any CPU.Build.0 = Debug|Any CPU
		{756B8FDE-D69A-4391-91AE-2772344035F2}.Release|Any CPU.ActiveCfg = Release|Any CPU
		{756B8FDE-D69A-4391-91AE-2772344035F2}.Release|Any CPU.Build.0 = Release|Any CPU
		{04F68EEF-BE51-4D4C-A3F9-6D4300AC0153}.Debug|Any CPU.ActiveCfg = Debug|Any CPU
		{04F68EEF-BE51-4D4C-A3F9-6D4300AC0153}.Debug|Any CPU.Build.0 = Debug|Any CPU
		{04F68EEF-BE51-4D4C-A3F9-6D4300AC0153}.Release|Any CPU.ActiveCfg = Release|Any CPU
		{04F68EEF-BE51-4D4C-A3F9-6D4300AC0153}.Release|Any CPU.Build.0 = Release|Any CPU
		{DD5957B3-DBB6-43B7-9D61-CADCEB4FD094}.Debug|Any CPU.ActiveCfg = Debug|Any CPU
		{DD5957B3-DBB6-43B7-9D61-CADCEB4FD094}.Debug|Any CPU.Build.0 = Debug|Any CPU
		{DD5957B3-DBB6-43B7-9D61-CADCEB4FD094}.Release|Any CPU.ActiveCfg = Release|Any CPU
		{DD5957B3-DBB6-43B7-9D61-CADCEB4FD094}.Release|Any CPU.Build.0 = Release|Any CPU
		{4FF2DBAD-6461-46E1-A1F1-93EACAB979C3}.Debug|Any CPU.ActiveCfg = Debug|Any CPU
		{4FF2DBAD-6461-46E1-A1F1-93EACAB979C3}.Debug|Any CPU.Build.0 = Debug|Any CPU
		{4FF2DBAD-6461-46E1-A1F1-93EACAB979C3}.Release|Any CPU.ActiveCfg = Release|Any CPU
		{4FF2DBAD-6461-46E1-A1F1-93EACAB979C3}.Release|Any CPU.Build.0 = Release|Any CPU
		{ED94C5C1-B3E7-4166-B61E-47A9F5B5AD92}.Debug|Any CPU.ActiveCfg = Debug|Any CPU
		{ED94C5C1-B3E7-4166-B61E-47A9F5B5AD92}.Debug|Any CPU.Build.0 = Debug|Any CPU
		{ED94C5C1-B3E7-4166-B61E-47A9F5B5AD92}.Release|Any CPU.ActiveCfg = Release|Any CPU
		{ED94C5C1-B3E7-4166-B61E-47A9F5B5AD92}.Release|Any CPU.Build.0 = Release|Any CPU
		{010025A7-EF4E-4B8D-8ECA-5A222A91D020}.Debug|Any CPU.ActiveCfg = Debug|Any CPU
		{010025A7-EF4E-4B8D-8ECA-5A222A91D020}.Debug|Any CPU.Build.0 = Debug|Any CPU
		{010025A7-EF4E-4B8D-8ECA-5A222A91D020}.Release|Any CPU.ActiveCfg = Release|Any CPU
		{010025A7-EF4E-4B8D-8ECA-5A222A91D020}.Release|Any CPU.Build.0 = Release|Any CPU
		{74284150-8852-4B37-973D-22D8AE2FA281}.Debug|Any CPU.ActiveCfg = Debug|Any CPU
		{74284150-8852-4B37-973D-22D8AE2FA281}.Debug|Any CPU.Build.0 = Debug|Any CPU
		{74284150-8852-4B37-973D-22D8AE2FA281}.Release|Any CPU.ActiveCfg = Release|Any CPU
		{74284150-8852-4B37-973D-22D8AE2FA281}.Release|Any CPU.Build.0 = Release|Any CPU
	EndGlobalSection
	GlobalSection(SolutionProperties) = preSolution
		HideSolutionNode = FALSE
	EndGlobalSection
	GlobalSection(ExtensibilityGlobals) = postSolution
		SolutionGuid = {C51DDDAD-475A-4032-97EC-20F69AD97B65}
	EndGlobalSection
EndGlobal
