
Microsoft Visual Studio Solution File, Format Version 12.00
# Visual Studio Version 16
VisualStudioVersion = 16.0.29324.140
MinimumVisualStudioVersion = 10.0.40219.1
Project("{9A19103F-16F7-4668-BE54-9A1E7A4F7556}") = "Concurrency.Interface", "Concurrency.Interface\Concurrency.Interface.csproj", "{07953DC2-B94E-4AD5-8455-4556B56993FB}"
EndProject
Project("{9A19103F-16F7-4668-BE54-9A1E7A4F7556}") = "Concurrency.Implementation", "Concurrency.Implementation\Concurrency.Implementation.csproj", "{CDF720FD-C893-4799-A03D-A4EE2CFB81A4}"
EndProject
Project("{9A19103F-16F7-4668-BE54-9A1E7A4F7556}") = "Utilities", "Utilities\Utilities.csproj", "{5E31DAD0-3493-4D6A-81B1-A0A03483305C}"
EndProject
Project("{9A19103F-16F7-4668-BE54-9A1E7A4F7556}") = "SiloHost", "SiloHost\SiloHost.csproj", "{29D51B58-BC0A-4083-8CF5-351DC46A90EA}"
EndProject
Project("{9A19103F-16F7-4668-BE54-9A1E7A4F7556}") = "AccountTransfer.Interfaces", "AccountTransfer.Interfaces\AccountTransfer.Interfaces.csproj", "{756B8FDE-D69A-4391-91AE-2772344035F2}"
EndProject
Project("{9A19103F-16F7-4668-BE54-9A1E7A4F7556}") = "AccountTransfer.Grains", "AccountTransfer.Grains\AccountTransfer.Grains.csproj", "{04F68EEF-BE51-4D4C-A3F9-6D4300AC0153}"
EndProject
Project("{9A19103F-16F7-4668-BE54-9A1E7A4F7556}") = "TPCC.Interfaces", "TPCC.Interfaces\TPCC.Interfaces.csproj", "{DD5957B3-DBB6-43B7-9D61-CADCEB4FD094}"
EndProject
Project("{9A19103F-16F7-4668-BE54-9A1E7A4F7556}") = "TPCC.Grains", "TPCC.Grains\TPCC.Grains.csproj", "{4FF2DBAD-6461-46E1-A1F1-93EACAB979C3}"
	ProjectSection(ProjectDependencies) = postProject
		{5E31DAD0-3493-4D6A-81B1-A0A03483305C} = {5E31DAD0-3493-4D6A-81B1-A0A03483305C}
	EndProjectSection
EndProject
Project("{9A19103F-16F7-4668-BE54-9A1E7A4F7556}") = "ExperimentController", "ExperimentController\ExperimentController.csproj", "{010025A7-EF4E-4B8D-8ECA-5A222A91D020}"
	ProjectSection(ProjectDependencies) = postProject
		{5E31DAD0-3493-4D6A-81B1-A0A03483305C} = {5E31DAD0-3493-4D6A-81B1-A0A03483305C}
	EndProjectSection
EndProject
Project("{9A19103F-16F7-4668-BE54-9A1E7A4F7556}") = "ExperimentProcess", "ExperimentProcess\ExperimentProcess.csproj", "{74284150-8852-4B37-973D-22D8AE2FA281}"
	ProjectSection(ProjectDependencies) = postProject
		{4FF2DBAD-6461-46E1-A1F1-93EACAB979C3} = {4FF2DBAD-6461-46E1-A1F1-93EACAB979C3}
		{DD5957B3-DBB6-43B7-9D61-CADCEB4FD094} = {DD5957B3-DBB6-43B7-9D61-CADCEB4FD094}
		{07953DC2-B94E-4AD5-8455-4556B56993FB} = {07953DC2-B94E-4AD5-8455-4556B56993FB}
		{756B8FDE-D69A-4391-91AE-2772344035F2} = {756B8FDE-D69A-4391-91AE-2772344035F2}
		{04F68EEF-BE51-4D4C-A3F9-6D4300AC0153} = {04F68EEF-BE51-4D4C-A3F9-6D4300AC0153}
		{CDF720FD-C893-4799-A03D-A4EE2CFB81A4} = {CDF720FD-C893-4799-A03D-A4EE2CFB81A4}
	EndProjectSection
EndProject
Project("{9A19103F-16F7-4668-BE54-9A1E7A4F7556}") = "SmallBank.Interfaces", "SmallBank.Interfaces\SmallBank.Interfaces.csproj", "{2B92FF54-0FD5-405F-BA9B-127D6242FF3A}"
EndProject
Project("{9A19103F-16F7-4668-BE54-9A1E7A4F7556}") = "SmallBank.Grains", "SmallBank.Grains\SmallBank.Grains.csproj", "{A5B30F91-BFF5-4191-9030-EB44AA85F540}"
EndProject
Project("{FAE04EC0-301F-11D3-BF4B-00C04F79EFBC}") = "TestCCInterface", "TestCCInterface\TestCCInterface.csproj", "{09246967-8C0A-49C7-B2E9-4C4E885F87F5}"
EndProject
Project("{FAE04EC0-301F-11D3-BF4B-00C04F79EFBC}") = "NewProcess", "NewProcess\NewProcess.csproj", "{B5C648C5-B9D4-45C4-A0AE-58C4AF917D1E}"
EndProject
Global
	GlobalSection(SolutionConfigurationPlatforms) = preSolution
		Debug|Any CPU = Debug|Any CPU
		Release|Any CPU = Release|Any CPU
	EndGlobalSection
	GlobalSection(ProjectConfigurationPlatforms) = postSolution
		{07953DC2-B94E-4AD5-8455-4556B56993FB}.Debug|Any CPU.ActiveCfg = Debug|Any CPU
		{07953DC2-B94E-4AD5-8455-4556B56993FB}.Debug|Any CPU.Build.0 = Debug|Any CPU
		{07953DC2-B94E-4AD5-8455-4556B56993FB}.Release|Any CPU.ActiveCfg = Release|Any CPU
		{07953DC2-B94E-4AD5-8455-4556B56993FB}.Release|Any CPU.Build.0 = Release|Any CPU
		{CDF720FD-C893-4799-A03D-A4EE2CFB81A4}.Debug|Any CPU.ActiveCfg = Debug|Any CPU
		{CDF720FD-C893-4799-A03D-A4EE2CFB81A4}.Debug|Any CPU.Build.0 = Debug|Any CPU
		{CDF720FD-C893-4799-A03D-A4EE2CFB81A4}.Release|Any CPU.ActiveCfg = Release|Any CPU
		{CDF720FD-C893-4799-A03D-A4EE2CFB81A4}.Release|Any CPU.Build.0 = Release|Any CPU
		{5E31DAD0-3493-4D6A-81B1-A0A03483305C}.Debug|Any CPU.ActiveCfg = Debug|Any CPU
		{5E31DAD0-3493-4D6A-81B1-A0A03483305C}.Debug|Any CPU.Build.0 = Debug|Any CPU
		{5E31DAD0-3493-4D6A-81B1-A0A03483305C}.Release|Any CPU.ActiveCfg = Release|Any CPU
		{5E31DAD0-3493-4D6A-81B1-A0A03483305C}.Release|Any CPU.Build.0 = Release|Any CPU
		{29D51B58-BC0A-4083-8CF5-351DC46A90EA}.Debug|Any CPU.ActiveCfg = Debug|Any CPU
		{29D51B58-BC0A-4083-8CF5-351DC46A90EA}.Debug|Any CPU.Build.0 = Debug|Any CPU
		{29D51B58-BC0A-4083-8CF5-351DC46A90EA}.Release|Any CPU.ActiveCfg = Release|Any CPU
		{29D51B58-BC0A-4083-8CF5-351DC46A90EA}.Release|Any CPU.Build.0 = Release|Any CPU
		{756B8FDE-D69A-4391-91AE-2772344035F2}.Debug|Any CPU.ActiveCfg = Debug|Any CPU
		{756B8FDE-D69A-4391-91AE-2772344035F2}.Debug|Any CPU.Build.0 = Debug|Any CPU
		{756B8FDE-D69A-4391-91AE-2772344035F2}.Release|Any CPU.ActiveCfg = Release|Any CPU
		{756B8FDE-D69A-4391-91AE-2772344035F2}.Release|Any CPU.Build.0 = Release|Any CPU
		{04F68EEF-BE51-4D4C-A3F9-6D4300AC0153}.Debug|Any CPU.ActiveCfg = Debug|Any CPU
		{04F68EEF-BE51-4D4C-A3F9-6D4300AC0153}.Debug|Any CPU.Build.0 = Debug|Any CPU
		{04F68EEF-BE51-4D4C-A3F9-6D4300AC0153}.Release|Any CPU.ActiveCfg = Release|Any CPU
		{04F68EEF-BE51-4D4C-A3F9-6D4300AC0153}.Release|Any CPU.Build.0 = Release|Any CPU
		{DD5957B3-DBB6-43B7-9D61-CADCEB4FD094}.Debug|Any CPU.ActiveCfg = Debug|Any CPU
		{DD5957B3-DBB6-43B7-9D61-CADCEB4FD094}.Debug|Any CPU.Build.0 = Debug|Any CPU
		{DD5957B3-DBB6-43B7-9D61-CADCEB4FD094}.Release|Any CPU.ActiveCfg = Release|Any CPU
		{DD5957B3-DBB6-43B7-9D61-CADCEB4FD094}.Release|Any CPU.Build.0 = Release|Any CPU
		{4FF2DBAD-6461-46E1-A1F1-93EACAB979C3}.Debug|Any CPU.ActiveCfg = Debug|Any CPU
		{4FF2DBAD-6461-46E1-A1F1-93EACAB979C3}.Debug|Any CPU.Build.0 = Debug|Any CPU
		{4FF2DBAD-6461-46E1-A1F1-93EACAB979C3}.Release|Any CPU.ActiveCfg = Release|Any CPU
		{4FF2DBAD-6461-46E1-A1F1-93EACAB979C3}.Release|Any CPU.Build.0 = Release|Any CPU
		{010025A7-EF4E-4B8D-8ECA-5A222A91D020}.Debug|Any CPU.ActiveCfg = Debug|Any CPU
		{010025A7-EF4E-4B8D-8ECA-5A222A91D020}.Debug|Any CPU.Build.0 = Debug|Any CPU
		{010025A7-EF4E-4B8D-8ECA-5A222A91D020}.Release|Any CPU.ActiveCfg = Release|Any CPU
		{010025A7-EF4E-4B8D-8ECA-5A222A91D020}.Release|Any CPU.Build.0 = Release|Any CPU
		{74284150-8852-4B37-973D-22D8AE2FA281}.Debug|Any CPU.ActiveCfg = Debug|Any CPU
		{74284150-8852-4B37-973D-22D8AE2FA281}.Debug|Any CPU.Build.0 = Debug|Any CPU
		{74284150-8852-4B37-973D-22D8AE2FA281}.Release|Any CPU.ActiveCfg = Release|Any CPU
		{74284150-8852-4B37-973D-22D8AE2FA281}.Release|Any CPU.Build.0 = Release|Any CPU
		{2B92FF54-0FD5-405F-BA9B-127D6242FF3A}.Debug|Any CPU.ActiveCfg = Debug|Any CPU
		{2B92FF54-0FD5-405F-BA9B-127D6242FF3A}.Debug|Any CPU.Build.0 = Debug|Any CPU
		{2B92FF54-0FD5-405F-BA9B-127D6242FF3A}.Release|Any CPU.ActiveCfg = Release|Any CPU
		{2B92FF54-0FD5-405F-BA9B-127D6242FF3A}.Release|Any CPU.Build.0 = Release|Any CPU
		{A5B30F91-BFF5-4191-9030-EB44AA85F540}.Debug|Any CPU.ActiveCfg = Debug|Any CPU
		{A5B30F91-BFF5-4191-9030-EB44AA85F540}.Debug|Any CPU.Build.0 = Debug|Any CPU
		{A5B30F91-BFF5-4191-9030-EB44AA85F540}.Release|Any CPU.ActiveCfg = Release|Any CPU
		{A5B30F91-BFF5-4191-9030-EB44AA85F540}.Release|Any CPU.Build.0 = Release|Any CPU
		{09246967-8C0A-49C7-B2E9-4C4E885F87F5}.Debug|Any CPU.ActiveCfg = Debug|Any CPU
		{09246967-8C0A-49C7-B2E9-4C4E885F87F5}.Debug|Any CPU.Build.0 = Debug|Any CPU
		{09246967-8C0A-49C7-B2E9-4C4E885F87F5}.Release|Any CPU.ActiveCfg = Release|Any CPU
		{09246967-8C0A-49C7-B2E9-4C4E885F87F5}.Release|Any CPU.Build.0 = Release|Any CPU
		{B5C648C5-B9D4-45C4-A0AE-58C4AF917D1E}.Debug|Any CPU.ActiveCfg = Debug|Any CPU
		{B5C648C5-B9D4-45C4-A0AE-58C4AF917D1E}.Debug|Any CPU.Build.0 = Debug|Any CPU
		{B5C648C5-B9D4-45C4-A0AE-58C4AF917D1E}.Release|Any CPU.ActiveCfg = Release|Any CPU
		{B5C648C5-B9D4-45C4-A0AE-58C4AF917D1E}.Release|Any CPU.Build.0 = Release|Any CPU
	EndGlobalSection
	GlobalSection(SolutionProperties) = preSolution
		HideSolutionNode = FALSE
	EndGlobalSection
	GlobalSection(ExtensibilityGlobals) = postSolution
		SolutionGuid = {C51DDDAD-475A-4032-97EC-20F69AD97B65}
	EndGlobalSection
EndGlobal
